
Microsoft Visual Studio Solution File, Format Version 12.00
# Visual Studio 15
Project("{FAE04EC0-301F-11D3-BF4B-00C04F79EFBC}") = "Assembly-CSharp", "Assembly-CSharp.csproj", "{71F894D2-4453-7816-E329-A87F6B858EF0}"
EndProject
Project("{FAE04EC0-301F-11D3-BF4B-00C04F79EFBC}") = "Assembly-CSharp-Editor", "Assembly-CSharp-Editor.csproj", "{BCE57403-A96B-4722-C804-33461AB24106}"
EndProject
Project("{FAE04EC0-301F-11D3-BF4B-00C04F79EFBC}") = "tripoforunity.Runtime", "tripoforunity.Runtime.csproj", "{909C0473-47EA-29BA-8F18-E152B1D99A48}"
EndProject
Project("{FAE04EC0-301F-11D3-BF4B-00C04F79EFBC}") = "tripoforunity.Editor", "tripoforunity.Editor.csproj", "{DBAC4B0B-82BA-22EF-BBD6-0622DF98A1FD}"
EndProject
Project("{FAE04EC0-301F-11D3-BF4B-00C04F79EFBC}") = "AimingRig", "AimingRig.csproj", "{379C961B-5E7D-82D7-6A85-6C2C7FFA9939}"
EndProject
Global
	GlobalSection(SolutionConfigurationPlatforms) = preSolution
		Debug|Any CPU = Debug|Any CPU
		Release|Any CPU = Release|Any CPU
	EndGlobalSection
	GlobalSection(ProjectConfigurationPlatforms) = postSolution
		{71F894D2-4453-7816-E329-A87F6B858EF0}.Debug|Any CPU.ActiveCfg = Debug|Any CPU
		{71F894D2-4453-7816-E329-A87F6B858EF0}.Debug|Any CPU.Build.0 = Debug|Any CPU
		{71F894D2-4453-7816-E329-A87F6B858EF0}.Release|Any CPU.ActiveCfg = Release|Any CPU
		{71F894D2-4453-7816-E329-A87F6B858EF0}.Release|Any CPU.Build.0 = Release|Any CPU
		{BCE57403-A96B-4722-C804-33461AB24106}.Debug|Any CPU.ActiveCfg = Debug|Any CPU
		{BCE57403-A96B-4722-C804-33461AB24106}.Debug|Any CPU.Build.0 = Debug|Any CPU
		{BCE57403-A96B-4722-C804-33461AB24106}.Release|Any CPU.ActiveCfg = Release|Any CPU
		{BCE57403-A96B-4722-C804-33461AB24106}.Release|Any CPU.Build.0 = Release|Any CPU
		{909C0473-47EA-29BA-8F18-E152B1D99A48}.Debug|Any CPU.ActiveCfg = Debug|Any CPU
		{909C0473-47EA-29BA-8F18-E152B1D99A48}.Debug|Any CPU.Build.0 = Debug|Any CPU
		{909C0473-47EA-29BA-8F18-E152B1D99A48}.Release|Any CPU.ActiveCfg = Release|Any CPU
		{909C0473-47EA-29BA-8F18-E152B1D99A48}.Release|Any CPU.Build.0 = Release|Any CPU
		{DBAC4B0B-82BA-22EF-BBD6-0622DF98A1FD}.Debug|Any CPU.ActiveCfg = Debug|Any CPU
		{DBAC4B0B-82BA-22EF-BBD6-0622DF98A1FD}.Debug|Any CPU.Build.0 = Debug|Any CPU
		{DBAC4B0B-82BA-22EF-BBD6-0622DF98A1FD}.Release|Any CPU.ActiveCfg = Release|Any CPU
		{DBAC4B0B-82BA-22EF-BBD6-0622DF98A1FD}.Release|Any CPU.Build.0 = Release|Any CPU
		{379C961B-5E7D-82D7-6A85-6C2C7FFA9939}.Debug|Any CPU.ActiveCfg = Debug|Any CPU
		{379C961B-5E7D-82D7-6A85-6C2C7FFA9939}.Debug|Any CPU.Build.0 = Debug|Any CPU
		{379C961B-5E7D-82D7-6A85-6C2C7FFA9939}.Release|Any CPU.ActiveCfg = Release|Any CPU
		{379C961B-5E7D-82D7-6A85-6C2C7FFA9939}.Release|Any CPU.Build.0 = Release|Any CPU
	EndGlobalSection
	GlobalSection(SolutionProperties) = preSolution
		HideSolutionNode = FALSE
	EndGlobalSection
EndGlobal
